// !$*UTF8*$!
{
	archiveVersion = 1;
	classes = {
	};
	objectVersion = 50;
	objects = {

/* Begin PBXBuildFile section */
		87519FFB66236282129A31C1 /* Pods_WeatherForecasting.framework in Frameworks */ = {isa = PBXBuildFile; fileRef = 1DA6CB3F77BC5DA70FDCD3D7 /* Pods_WeatherForecasting.framework */; };
		CF9222332EDD6E1635721546 /* Pods_WeatherForecastingTests.framework in Frameworks */ = {isa = PBXBuildFile; fileRef = 0799521453CA90610F13D00B /* Pods_WeatherForecastingTests.framework */; };
		F75396B5218F110B00C660D5 /* UIColor+utils.swift in Sources */ = {isa = PBXBuildFile; fileRef = F75396B4218F110B00C660D5 /* UIColor+utils.swift */; };
		F75396B8218F25ED00C660D5 /* LocationStore.swift in Sources */ = {isa = PBXBuildFile; fileRef = F75396B7218F25ED00C660D5 /* LocationStore.swift */; };
		F75396BA218F276A00C660D5 /* WeatherDatatore.swift in Sources */ = {isa = PBXBuildFile; fileRef = F75396B9218F276A00C660D5 /* WeatherDatatore.swift */; };
		F75396BC218F3D8800C660D5 /* GoogleService-Info.plist in Resources */ = {isa = PBXBuildFile; fileRef = F75396BB218F3D8800C660D5 /* GoogleService-Info.plist */; };
		F75396C8218F3F4A00C660D5 /* CurrentWeatherService.swift in Sources */ = {isa = PBXBuildFile; fileRef = F75396C5218F3F4A00C660D5 /* CurrentWeatherService.swift */; };
		F75396C9218F3F4A00C660D5 /* CurrentWeatherViewController.xib in Resources */ = {isa = PBXBuildFile; fileRef = F75396C6218F3F4A00C660D5 /* CurrentWeatherViewController.xib */; };
		F75396CA218F3F4A00C660D5 /* CurrentWeatherInteractor.swift in Sources */ = {isa = PBXBuildFile; fileRef = F75396C7218F3F4A00C660D5 /* CurrentWeatherInteractor.swift */; };
		F77FA895218CD18E00000C28 /* AppDelegate.swift in Sources */ = {isa = PBXBuildFile; fileRef = F77FA894218CD18E00000C28 /* AppDelegate.swift */; };
		F77FA897218CD18E00000C28 /* CurrentWeatherViewController.swift in Sources */ = {isa = PBXBuildFile; fileRef = F77FA896218CD18E00000C28 /* CurrentWeatherViewController.swift */; };
		F77FA89C218CD19000000C28 /* Assets.xcassets in Resources */ = {isa = PBXBuildFile; fileRef = F77FA89B218CD19000000C28 /* Assets.xcassets */; };
		F77FA89F218CD19000000C28 /* LaunchScreen.storyboard in Resources */ = {isa = PBXBuildFile; fileRef = F77FA89D218CD19000000C28 /* LaunchScreen.storyboard */; };
		F77FA8AA218CD19000000C28 /* WeatherForecastingTests.swift in Sources */ = {isa = PBXBuildFile; fileRef = F77FA8A9218CD19000000C28 /* WeatherForecastingTests.swift */; };
		F77FA8BB218DC19400000C28 /* Result.swift in Sources */ = {isa = PBXBuildFile; fileRef = F77FA8B6218DC19400000C28 /* Result.swift */; };
		F77FA8BC218DC19400000C28 /* APICall.swift in Sources */ = {isa = PBXBuildFile; fileRef = F77FA8B7218DC19400000C28 /* APICall.swift */; };
		F77FA8BD218DC19400000C28 /* WeatherApi.swift in Sources */ = {isa = PBXBuildFile; fileRef = F77FA8B9218DC19400000C28 /* WeatherApi.swift */; };
		F77FA8C2218DC1AC00000C28 /* Errors.swift in Sources */ = {isa = PBXBuildFile; fileRef = F77FA8BF218DC1AB00000C28 /* Errors.swift */; };
		F77FA8C3218DC1AC00000C28 /* GlobalFunctions.swift in Sources */ = {isa = PBXBuildFile; fileRef = F77FA8C0218DC1AB00000C28 /* GlobalFunctions.swift */; };
		F77FA8C4218DC1AC00000C28 /* Colors+utils.swift in Sources */ = {isa = PBXBuildFile; fileRef = F77FA8C1218DC1AB00000C28 /* Colors+utils.swift */; };
		F77FA8CA218DC1B800000C28 /* Weather.swift in Sources */ = {isa = PBXBuildFile; fileRef = F77FA8C6218DC1B800000C28 /* Weather.swift */; };
		F7D365A8218DD73E00F334D7 /* Main.swift in Sources */ = {isa = PBXBuildFile; fileRef = F7D365A7218DD73E00F334D7 /* Main.swift */; };
		F7D365AA218DD9ED00F334D7 /* Wind.swift in Sources */ = {isa = PBXBuildFile; fileRef = F7D365A9218DD9ED00F334D7 /* Wind.swift */; };
		F7D365AC218DDADD00F334D7 /* WeatherData.swift in Sources */ = {isa = PBXBuildFile; fileRef = F7D365AB218DDADD00F334D7 /* WeatherData.swift */; };
		F7D365AE218DF6C300F334D7 /* Sys.swift in Sources */ = {isa = PBXBuildFile; fileRef = F7D365AD218DF6C300F334D7 /* Sys.swift */; };
		F7D365B0218E287000F334D7 /* Forcast.swift in Sources */ = {isa = PBXBuildFile; fileRef = F7D365AF218E287000F334D7 /* Forcast.swift */; };
		F7D365B3218E4A4700F334D7 /* ForecastInteractor.swift in Sources */ = {isa = PBXBuildFile; fileRef = F7D365B2218E4A4700F334D7 /* ForecastInteractor.swift */; };
		F7D365B5218E4A5300F334D7 /* ForecastService.swift in Sources */ = {isa = PBXBuildFile; fileRef = F7D365B4218E4A5300F334D7 /* ForecastService.swift */; };
		F7D365B7218E4A6D00F334D7 /* ForecastViewController.swift in Sources */ = {isa = PBXBuildFile; fileRef = F7D365B6218E4A6D00F334D7 /* ForecastViewController.swift */; };
		F7D365B9218E4BDD00F334D7 /* ForecastApi.swift in Sources */ = {isa = PBXBuildFile; fileRef = F7D365B8218E4BDD00F334D7 /* ForecastApi.swift */; };
		F7D365BC218E4F4900F334D7 /* ForecastTableViewCell.swift in Sources */ = {isa = PBXBuildFile; fileRef = F7D365BB218E4F4900F334D7 /* ForecastTableViewCell.swift */; };
		F7D365BE218E577300F334D7 /* DateFormatter+Utils.swift in Sources */ = {isa = PBXBuildFile; fileRef = F7D365BD218E577300F334D7 /* DateFormatter+Utils.swift */; };
		F7D365C4218EFD9200F334D7 /* ProximaNova-Regular.otf in Resources */ = {isa = PBXBuildFile; fileRef = F7D365C0218EFD9100F334D7 /* ProximaNova-Regular.otf */; };
		F7D365C5218EFD9200F334D7 /* ProximaNova-Semibold.otf in Resources */ = {isa = PBXBuildFile; fileRef = F7D365C1218EFD9100F334D7 /* ProximaNova-Semibold.otf */; };
		F7D365C6218EFD9200F334D7 /* ProximaNova-Light.otf in Resources */ = {isa = PBXBuildFile; fileRef = F7D365C2218EFD9100F334D7 /* ProximaNova-Light.otf */; };
		F7D365C7218EFD9200F334D7 /* ProximaNova-Bold.otf in Resources */ = {isa = PBXBuildFile; fileRef = F7D365C3218EFD9200F334D7 /* ProximaNova-Bold.otf */; };
/* End PBXBuildFile section */

/* Begin PBXContainerItemProxy section */
		F77FA8A6218CD19000000C28 /* PBXContainerItemProxy */ = {
			isa = PBXContainerItemProxy;
			containerPortal = F77FA889218CD18E00000C28 /* Project object */;
			proxyType = 1;
			remoteGlobalIDString = F77FA890218CD18E00000C28;
			remoteInfo = WeatherForecasting;
		};
/* End PBXContainerItemProxy section */

/* Begin PBXFileReference section */
		0799521453CA90610F13D00B /* Pods_WeatherForecastingTests.framework */ = {isa = PBXFileReference; explicitFileType = wrapper.framework; includeInIndex = 0; path = Pods_WeatherForecastingTests.framework; sourceTree = BUILT_PRODUCTS_DIR; };
		14B765865EFD8E37D32F8807 /* Pods-WeatherForecasting.debug.xcconfig */ = {isa = PBXFileReference; includeInIndex = 1; lastKnownFileType = text.xcconfig; name = "Pods-WeatherForecasting.debug.xcconfig"; path = "Pods/Target Support Files/Pods-WeatherForecasting/Pods-WeatherForecasting.debug.xcconfig"; sourceTree = "<group>"; };
		191AF22C443AFB1D908ADE2F /* Pods-WeatherForecasting.release.xcconfig */ = {isa = PBXFileReference; includeInIndex = 1; lastKnownFileType = text.xcconfig; name = "Pods-WeatherForecasting.release.xcconfig"; path = "Pods/Target Support Files/Pods-WeatherForecasting/Pods-WeatherForecasting.release.xcconfig"; sourceTree = "<group>"; };
		1DA6CB3F77BC5DA70FDCD3D7 /* Pods_WeatherForecasting.framework */ = {isa = PBXFileReference; explicitFileType = wrapper.framework; includeInIndex = 0; path = Pods_WeatherForecasting.framework; sourceTree = BUILT_PRODUCTS_DIR; };
		C85BED27327FACE50A5ED09F /* Pods-WeatherForecastingTests.debug.xcconfig */ = {isa = PBXFileReference; includeInIndex = 1; lastKnownFileType = text.xcconfig; name = "Pods-WeatherForecastingTests.debug.xcconfig"; path = "Pods/Target Support Files/Pods-WeatherForecastingTests/Pods-WeatherForecastingTests.debug.xcconfig"; sourceTree = "<group>"; };
		D5A631BF40E615816F510A9F /* Pods-WeatherForecastingTests.release.xcconfig */ = {isa = PBXFileReference; includeInIndex = 1; lastKnownFileType = text.xcconfig; name = "Pods-WeatherForecastingTests.release.xcconfig"; path = "Pods/Target Support Files/Pods-WeatherForecastingTests/Pods-WeatherForecastingTests.release.xcconfig"; sourceTree = "<group>"; };
		F75396B4218F110B00C660D5 /* UIColor+utils.swift */ = {isa = PBXFileReference; lastKnownFileType = sourcecode.swift; path = "UIColor+utils.swift"; sourceTree = "<group>"; };
		F75396B7218F25ED00C660D5 /* LocationStore.swift */ = {isa = PBXFileReference; lastKnownFileType = sourcecode.swift; path = LocationStore.swift; sourceTree = "<group>"; };
		F75396B9218F276A00C660D5 /* WeatherDatatore.swift */ = {isa = PBXFileReference; lastKnownFileType = sourcecode.swift; path = WeatherDatatore.swift; sourceTree = "<group>"; };
		F75396BB218F3D8800C660D5 /* GoogleService-Info.plist */ = {isa = PBXFileReference; fileEncoding = 4; lastKnownFileType = text.plist.xml; path = "GoogleService-Info.plist"; sourceTree = "<group>"; };
		F75396C5218F3F4A00C660D5 /* CurrentWeatherService.swift */ = {isa = PBXFileReference; fileEncoding = 4; lastKnownFileType = sourcecode.swift; path = CurrentWeatherService.swift; sourceTree = "<group>"; };
		F75396C6218F3F4A00C660D5 /* CurrentWeatherViewController.xib */ = {isa = PBXFileReference; fileEncoding = 4; lastKnownFileType = file.xib; path = CurrentWeatherViewController.xib; sourceTree = "<group>"; };
		F75396C7218F3F4A00C660D5 /* CurrentWeatherInteractor.swift */ = {isa = PBXFileReference; fileEncoding = 4; lastKnownFileType = sourcecode.swift; path = CurrentWeatherInteractor.swift; sourceTree = "<group>"; };
		F77FA891218CD18E00000C28 /* WeatherForecasting.app */ = {isa = PBXFileReference; explicitFileType = wrapper.application; includeInIndex = 0; path = WeatherForecasting.app; sourceTree = BUILT_PRODUCTS_DIR; };
		F77FA894218CD18E00000C28 /* AppDelegate.swift */ = {isa = PBXFileReference; lastKnownFileType = sourcecode.swift; path = AppDelegate.swift; sourceTree = "<group>"; };
		F77FA896218CD18E00000C28 /* CurrentWeatherViewController.swift */ = {isa = PBXFileReference; lastKnownFileType = sourcecode.swift; path = CurrentWeatherViewController.swift; sourceTree = "<group>"; };
		F77FA89B218CD19000000C28 /* Assets.xcassets */ = {isa = PBXFileReference; lastKnownFileType = folder.assetcatalog; path = Assets.xcassets; sourceTree = "<group>"; };
		F77FA89E218CD19000000C28 /* Base */ = {isa = PBXFileReference; lastKnownFileType = file.storyboard; name = Base; path = Base.lproj/LaunchScreen.storyboard; sourceTree = "<group>"; };
		F77FA8A0218CD19000000C28 /* Info.plist */ = {isa = PBXFileReference; lastKnownFileType = text.plist.xml; path = Info.plist; sourceTree = "<group>"; };
		F77FA8A5218CD19000000C28 /* WeatherForecastingTests.xctest */ = {isa = PBXFileReference; explicitFileType = wrapper.cfbundle; includeInIndex = 0; path = WeatherForecastingTests.xctest; sourceTree = BUILT_PRODUCTS_DIR; };
		F77FA8A9218CD19000000C28 /* WeatherForecastingTests.swift */ = {isa = PBXFileReference; lastKnownFileType = sourcecode.swift; path = WeatherForecastingTests.swift; sourceTree = "<group>"; };
		F77FA8AB218CD19000000C28 /* Info.plist */ = {isa = PBXFileReference; lastKnownFileType = text.plist.xml; path = Info.plist; sourceTree = "<group>"; };
		F77FA8B6218DC19400000C28 /* Result.swift */ = {isa = PBXFileReference; fileEncoding = 4; lastKnownFileType = sourcecode.swift; path = Result.swift; sourceTree = "<group>"; };
		F77FA8B7218DC19400000C28 /* APICall.swift */ = {isa = PBXFileReference; fileEncoding = 4; lastKnownFileType = sourcecode.swift; path = APICall.swift; sourceTree = "<group>"; };
		F77FA8B9218DC19400000C28 /* WeatherApi.swift */ = {isa = PBXFileReference; fileEncoding = 4; lastKnownFileType = sourcecode.swift; path = WeatherApi.swift; sourceTree = "<group>"; };
		F77FA8BF218DC1AB00000C28 /* Errors.swift */ = {isa = PBXFileReference; fileEncoding = 4; lastKnownFileType = sourcecode.swift; path = Errors.swift; sourceTree = "<group>"; };
		F77FA8C0218DC1AB00000C28 /* GlobalFunctions.swift */ = {isa = PBXFileReference; fileEncoding = 4; lastKnownFileType = sourcecode.swift; path = GlobalFunctions.swift; sourceTree = "<group>"; };
		F77FA8C1218DC1AB00000C28 /* Colors+utils.swift */ = {isa = PBXFileReference; fileEncoding = 4; lastKnownFileType = sourcecode.swift; path = "Colors+utils.swift"; sourceTree = "<group>"; };
		F77FA8C6218DC1B800000C28 /* Weather.swift */ = {isa = PBXFileReference; fileEncoding = 4; lastKnownFileType = sourcecode.swift; path = Weather.swift; sourceTree = "<group>"; };
		F7D365A7218DD73E00F334D7 /* Main.swift */ = {isa = PBXFileReference; lastKnownFileType = sourcecode.swift; path = Main.swift; sourceTree = "<group>"; };
		F7D365A9218DD9ED00F334D7 /* Wind.swift */ = {isa = PBXFileReference; lastKnownFileType = sourcecode.swift; path = Wind.swift; sourceTree = "<group>"; };
		F7D365AB218DDADD00F334D7 /* WeatherData.swift */ = {isa = PBXFileReference; lastKnownFileType = sourcecode.swift; path = WeatherData.swift; sourceTree = "<group>"; };
		F7D365AD218DF6C300F334D7 /* Sys.swift */ = {isa = PBXFileReference; lastKnownFileType = sourcecode.swift; path = Sys.swift; sourceTree = "<group>"; };
		F7D365AF218E287000F334D7 /* Forcast.swift */ = {isa = PBXFileReference; lastKnownFileType = sourcecode.swift; path = Forcast.swift; sourceTree = "<group>"; };
		F7D365B2218E4A4700F334D7 /* ForecastInteractor.swift */ = {isa = PBXFileReference; lastKnownFileType = sourcecode.swift; path = ForecastInteractor.swift; sourceTree = "<group>"; };
		F7D365B4218E4A5300F334D7 /* ForecastService.swift */ = {isa = PBXFileReference; lastKnownFileType = sourcecode.swift; path = ForecastService.swift; sourceTree = "<group>"; };
		F7D365B6218E4A6D00F334D7 /* ForecastViewController.swift */ = {isa = PBXFileReference; lastKnownFileType = sourcecode.swift; path = ForecastViewController.swift; sourceTree = "<group>"; };
		F7D365B8218E4BDD00F334D7 /* ForecastApi.swift */ = {isa = PBXFileReference; lastKnownFileType = sourcecode.swift; path = ForecastApi.swift; sourceTree = "<group>"; };
		F7D365BB218E4F4900F334D7 /* ForecastTableViewCell.swift */ = {isa = PBXFileReference; lastKnownFileType = sourcecode.swift; path = ForecastTableViewCell.swift; sourceTree = "<group>"; };
		F7D365BD218E577300F334D7 /* DateFormatter+Utils.swift */ = {isa = PBXFileReference; lastKnownFileType = sourcecode.swift; path = "DateFormatter+Utils.swift"; sourceTree = "<group>"; };
		F7D365C0218EFD9100F334D7 /* ProximaNova-Regular.otf */ = {isa = PBXFileReference; lastKnownFileType = file; path = "ProximaNova-Regular.otf"; sourceTree = "<group>"; };
		F7D365C1218EFD9100F334D7 /* ProximaNova-Semibold.otf */ = {isa = PBXFileReference; lastKnownFileType = file; path = "ProximaNova-Semibold.otf"; sourceTree = "<group>"; };
		F7D365C2218EFD9100F334D7 /* ProximaNova-Light.otf */ = {isa = PBXFileReference; lastKnownFileType = file; path = "ProximaNova-Light.otf"; sourceTree = "<group>"; };
		F7D365C3218EFD9200F334D7 /* ProximaNova-Bold.otf */ = {isa = PBXFileReference; lastKnownFileType = file; path = "ProximaNova-Bold.otf"; sourceTree = "<group>"; };
/* End PBXFileReference section */

/* Begin PBXFrameworksBuildPhase section */
		F77FA88E218CD18E00000C28 /* Frameworks */ = {
			isa = PBXFrameworksBuildPhase;
			buildActionMask = 2147483647;
			files = (
				87519FFB66236282129A31C1 /* Pods_WeatherForecasting.framework in Frameworks */,
			);
			runOnlyForDeploymentPostprocessing = 0;
		};
		F77FA8A2218CD19000000C28 /* Frameworks */ = {
			isa = PBXFrameworksBuildPhase;
			buildActionMask = 2147483647;
			files = (
				CF9222332EDD6E1635721546 /* Pods_WeatherForecastingTests.framework in Frameworks */,
			);
			runOnlyForDeploymentPostprocessing = 0;
		};
/* End PBXFrameworksBuildPhase section */

/* Begin PBXGroup section */
		93AD249138C042D2BEAF01B0 /* Pods */ = {
			isa = PBXGroup;
			children = (
				14B765865EFD8E37D32F8807 /* Pods-WeatherForecasting.debug.xcconfig */,
				191AF22C443AFB1D908ADE2F /* Pods-WeatherForecasting.release.xcconfig */,
				C85BED27327FACE50A5ED09F /* Pods-WeatherForecastingTests.debug.xcconfig */,
				D5A631BF40E615816F510A9F /* Pods-WeatherForecastingTests.release.xcconfig */,
			);
			name = Pods;
			sourceTree = "<group>";
		};
		A220715BECE82D0DDCCF8687 /* Frameworks */ = {
			isa = PBXGroup;
			children = (
				1DA6CB3F77BC5DA70FDCD3D7 /* Pods_WeatherForecasting.framework */,
				0799521453CA90610F13D00B /* Pods_WeatherForecastingTests.framework */,
			);
			name = Frameworks;
			sourceTree = "<group>";
		};
		F75396B6218F25D800C660D5 /* Persistance */ = {
			isa = PBXGroup;
			children = (
				F75396B7218F25ED00C660D5 /* LocationStore.swift */,
				F75396B9218F276A00C660D5 /* WeatherDatatore.swift */,
			);
			path = Persistance;
			sourceTree = "<group>";
		};
		F75396BD218F3EF600C660D5 /* Controllers */ = {
			isa = PBXGroup;
			children = (
				F7D365B1218E292A00F334D7 /* Forcasts */,
				F75396BE218F3F2400C660D5 /* TodayWeather */,
			);
			name = Controllers;
			path = WeatherForecasting/Controllers;
			sourceTree = SOURCE_ROOT;
		};
		F75396BE218F3F2400C660D5 /* TodayWeather */ = {
			isa = PBXGroup;
			children = (
				F75396CB218F3F7F00C660D5 /* Service */,
				F77FA896218CD18E00000C28 /* CurrentWeatherViewController.swift */,
				F75396C7218F3F4A00C660D5 /* CurrentWeatherInteractor.swift */,
				F75396C6218F3F4A00C660D5 /* CurrentWeatherViewController.xib */,
			);
			path = TodayWeather;
			sourceTree = "<group>";
		};
		F75396CB218F3F7F00C660D5 /* Service */ = {
			isa = PBXGroup;
			children = (
				F75396C5218F3F4A00C660D5 /* CurrentWeatherService.swift */,
			);
			path = Service;
			sourceTree = "<group>";
		};
		F75396CC218F3F9100C660D5 /* Service */ = {
			isa = PBXGroup;
			children = (
				F7D365B4218E4A5300F334D7 /* ForecastService.swift */,
			);
			path = Service;
			sourceTree = "<group>";
		};
		F77FA888218CD18E00000C28 = {
			isa = PBXGroup;
			children = (
				F77FA893218CD18E00000C28 /* WeatherForecasting */,
				F77FA8A8218CD19000000C28 /* WeatherForecastingTests */,
				F77FA892218CD18E00000C28 /* Products */,
				93AD249138C042D2BEAF01B0 /* Pods */,
				A220715BECE82D0DDCCF8687 /* Frameworks */,
			);
			sourceTree = "<group>";
		};
		F77FA892218CD18E00000C28 /* Products */ = {
			isa = PBXGroup;
			children = (
				F77FA891218CD18E00000C28 /* WeatherForecasting.app */,
				F77FA8A5218CD19000000C28 /* WeatherForecastingTests.xctest */,
			);
			name = Products;
			sourceTree = "<group>";
		};
		F77FA893218CD18E00000C28 /* WeatherForecasting */ = {
			isa = PBXGroup;
			children = (
				F75396BD218F3EF600C660D5 /* Controllers */,
				F75396B6218F25D800C660D5 /* Persistance */,
				F7D365BF218EFD8500F334D7 /* Fonts */,
				F77FA8C5218DC1B800000C28 /* Models */,
				F77FA8BE218DC1AB00000C28 /* Helpers */,
				F77FA8B4218DC19400000C28 /* Network */,
				F77FA894218CD18E00000C28 /* AppDelegate.swift */,
				F77FA89B218CD19000000C28 /* Assets.xcassets */,
				F77FA89D218CD19000000C28 /* LaunchScreen.storyboard */,
				F77FA8A0218CD19000000C28 /* Info.plist */,
				F75396BB218F3D8800C660D5 /* GoogleService-Info.plist */,
			);
			path = WeatherForecasting;
			sourceTree = "<group>";
		};
		F77FA8A8218CD19000000C28 /* WeatherForecastingTests */ = {
			isa = PBXGroup;
			children = (
				F77FA8A9218CD19000000C28 /* WeatherForecastingTests.swift */,
				F77FA8AB218CD19000000C28 /* Info.plist */,
			);
			path = WeatherForecastingTests;
			sourceTree = "<group>";
		};
		F77FA8B4218DC19400000C28 /* Network */ = {
			isa = PBXGroup;
			children = (
				F77FA8B8218DC19400000C28 /* API */,
				F77FA8B6218DC19400000C28 /* Result.swift */,
				F77FA8B7218DC19400000C28 /* APICall.swift */,
			);
			path = Network;
			sourceTree = "<group>";
		};
		F77FA8B8218DC19400000C28 /* API */ = {
			isa = PBXGroup;
			children = (
				F77FA8B9218DC19400000C28 /* WeatherApi.swift */,
				F7D365B8218E4BDD00F334D7 /* ForecastApi.swift */,
			);
			path = API;
			sourceTree = "<group>";
		};
		F77FA8BE218DC1AB00000C28 /* Helpers */ = {
			isa = PBXGroup;
			children = (
				F77FA8BF218DC1AB00000C28 /* Errors.swift */,
				F77FA8C0218DC1AB00000C28 /* GlobalFunctions.swift */,
				F77FA8C1218DC1AB00000C28 /* Colors+utils.swift */,
				F7D365BD218E577300F334D7 /* DateFormatter+Utils.swift */,
				F75396B4218F110B00C660D5 /* UIColor+utils.swift */,
			);
			path = Helpers;
			sourceTree = "<group>";
		};
		F77FA8C5218DC1B800000C28 /* Models */ = {
			isa = PBXGroup;
			children = (
				F77FA8C6218DC1B800000C28 /* Weather.swift */,
				F7D365A7218DD73E00F334D7 /* Main.swift */,
				F7D365A9218DD9ED00F334D7 /* Wind.swift */,
				F7D365AB218DDADD00F334D7 /* WeatherData.swift */,
				F7D365AD218DF6C300F334D7 /* Sys.swift */,
				F7D365AF218E287000F334D7 /* Forcast.swift */,
			);
			path = Models;
			sourceTree = "<group>";
		};
		F7D365B1218E292A00F334D7 /* Forcasts */ = {
			isa = PBXGroup;
			children = (
				F75396CC218F3F9100C660D5 /* Service */,
				F7D365BA218E4ECE00F334D7 /* Cell */,
				F7D365B2218E4A4700F334D7 /* ForecastInteractor.swift */,
				F7D365B6218E4A6D00F334D7 /* ForecastViewController.swift */,
			);
			path = Forcasts;
			sourceTree = "<group>";
		};
		F7D365BA218E4ECE00F334D7 /* Cell */ = {
			isa = PBXGroup;
			children = (
				F7D365BB218E4F4900F334D7 /* ForecastTableViewCell.swift */,
			);
			path = Cell;
			sourceTree = "<group>";
		};
		F7D365BF218EFD8500F334D7 /* Fonts */ = {
			isa = PBXGroup;
			children = (
				F7D365C3218EFD9200F334D7 /* ProximaNova-Bold.otf */,
				F7D365C2218EFD9100F334D7 /* ProximaNova-Light.otf */,
				F7D365C0218EFD9100F334D7 /* ProximaNova-Regular.otf */,
				F7D365C1218EFD9100F334D7 /* ProximaNova-Semibold.otf */,
			);
			path = Fonts;
			sourceTree = "<group>";
		};
/* End PBXGroup section */

/* Begin PBXNativeTarget section */
		F77FA890218CD18E00000C28 /* WeatherForecasting */ = {
			isa = PBXNativeTarget;
			buildConfigurationList = F77FA8AE218CD19000000C28 /* Build configuration list for PBXNativeTarget "WeatherForecasting" */;
			buildPhases = (
				0B19814CC7FF1543E88B346D /* [CP] Check Pods Manifest.lock */,
				F77FA88D218CD18E00000C28 /* Sources */,
				F77FA88E218CD18E00000C28 /* Frameworks */,
				F77FA88F218CD18E00000C28 /* Resources */,
				4ED4FC144DDFC679F9B88E75 /* [CP] Embed Pods Frameworks */,
			);
			buildRules = (
			);
			dependencies = (
			);
			name = WeatherForecasting;
			productName = WeatherForecasting;
			productReference = F77FA891218CD18E00000C28 /* WeatherForecasting.app */;
			productType = "com.apple.product-type.application";
		};
		F77FA8A4218CD19000000C28 /* WeatherForecastingTests */ = {
			isa = PBXNativeTarget;
			buildConfigurationList = F77FA8B1218CD19000000C28 /* Build configuration list for PBXNativeTarget "WeatherForecastingTests" */;
			buildPhases = (
				D6C3672D5A74384C9AE675B6 /* [CP] Check Pods Manifest.lock */,
				F77FA8A1218CD19000000C28 /* Sources */,
				F77FA8A2218CD19000000C28 /* Frameworks */,
				F77FA8A3218CD19000000C28 /* Resources */,
			);
			buildRules = (
			);
			dependencies = (
				F77FA8A7218CD19000000C28 /* PBXTargetDependency */,
			);
			name = WeatherForecastingTests;
			productName = WeatherForecastingTests;
			productReference = F77FA8A5218CD19000000C28 /* WeatherForecastingTests.xctest */;
			productType = "com.apple.product-type.bundle.unit-test";
		};
/* End PBXNativeTarget section */

/* Begin PBXProject section */
		F77FA889218CD18E00000C28 /* Project object */ = {
			isa = PBXProject;
			attributes = {
				LastSwiftUpdateCheck = 1000;
				LastUpgradeCheck = 1000;
				ORGANIZATIONNAME = Ziad;
				TargetAttributes = {
					F77FA890218CD18E00000C28 = {
						CreatedOnToolsVersion = 10.0;
					};
					F77FA8A4218CD19000000C28 = {
						CreatedOnToolsVersion = 10.0;
						TestTargetID = F77FA890218CD18E00000C28;
					};
				};
			};
			buildConfigurationList = F77FA88C218CD18E00000C28 /* Build configuration list for PBXProject "WeatherForecasting" */;
			compatibilityVersion = "Xcode 9.3";
			developmentRegion = en;
			hasScannedForEncodings = 0;
			knownRegions = (
				en,
				Base,
			);
			mainGroup = F77FA888218CD18E00000C28;
			productRefGroup = F77FA892218CD18E00000C28 /* Products */;
			projectDirPath = "";
			projectRoot = "";
			targets = (
				F77FA890218CD18E00000C28 /* WeatherForecasting */,
				F77FA8A4218CD19000000C28 /* WeatherForecastingTests */,
			);
		};
/* End PBXProject section */

/* Begin PBXResourcesBuildPhase section */
		F77FA88F218CD18E00000C28 /* Resources */ = {
			isa = PBXResourcesBuildPhase;
			buildActionMask = 2147483647;
			files = (
				F75396C9218F3F4A00C660D5 /* CurrentWeatherViewController.xib in Resources */,
				F77FA89F218CD19000000C28 /* LaunchScreen.storyboard in Resources */,
				F75396BC218F3D8800C660D5 /* GoogleService-Info.plist in Resources */,
				F7D365C4218EFD9200F334D7 /* ProximaNova-Regular.otf in Resources */,
				F7D365C7218EFD9200F334D7 /* ProximaNova-Bold.otf in Resources */,
				F7D365C5218EFD9200F334D7 /* ProximaNova-Semibold.otf in Resources */,
				F77FA89C218CD19000000C28 /* Assets.xcassets in Resources */,
				F7D365C6218EFD9200F334D7 /* ProximaNova-Light.otf in Resources */,
			);
			runOnlyForDeploymentPostprocessing = 0;
		};
		F77FA8A3218CD19000000C28 /* Resources */ = {
			isa = PBXResourcesBuildPhase;
			buildActionMask = 2147483647;
			files = (
			);
			runOnlyForDeploymentPostprocessing = 0;
		};
/* End PBXResourcesBuildPhase section */

/* Begin PBXShellScriptBuildPhase section */
		0B19814CC7FF1543E88B346D /* [CP] Check Pods Manifest.lock */ = {
			isa = PBXShellScriptBuildPhase;
			buildActionMask = 2147483647;
			files = (
			);
			inputPaths = (
				"${PODS_PODFILE_DIR_PATH}/Podfile.lock",
				"${PODS_ROOT}/Manifest.lock",
			);
			name = "[CP] Check Pods Manifest.lock";
			outputPaths = (
				"$(DERIVED_FILE_DIR)/Pods-WeatherForecasting-checkManifestLockResult.txt",
			);
			runOnlyForDeploymentPostprocessing = 0;
			shellPath = /bin/sh;
			shellScript = "diff \"${PODS_PODFILE_DIR_PATH}/Podfile.lock\" \"${PODS_ROOT}/Manifest.lock\" > /dev/null\nif [ $? != 0 ] ; then\n    # print error to STDERR\n    echo \"error: The sandbox is not in sync with the Podfile.lock. Run 'pod install' or update your CocoaPods installation.\" >&2\n    exit 1\nfi\n# This output is used by Xcode 'outputs' to avoid re-running this script phase.\necho \"SUCCESS\" > \"${SCRIPT_OUTPUT_FILE_0}\"\n";
			showEnvVarsInLog = 0;
		};
		4ED4FC144DDFC679F9B88E75 /* [CP] Embed Pods Frameworks */ = {
			isa = PBXShellScriptBuildPhase;
			buildActionMask = 2147483647;
			files = (
			);
			inputPaths = (
				"${SRCROOT}/Pods/Target Support Files/Pods-WeatherForecasting/Pods-WeatherForecasting-frameworks.sh",
				"${BUILT_PRODUCTS_DIR}/GoogleUtilities/GoogleUtilities.framework",
				"${BUILT_PRODUCTS_DIR}/leveldb-library/leveldb.framework",
				"${BUILT_PRODUCTS_DIR}/nanopb/nanopb.framework",
			);
			name = "[CP] Embed Pods Frameworks";
			outputPaths = (
				"${TARGET_BUILD_DIR}/${FRAMEWORKS_FOLDER_PATH}/GoogleUtilities.framework",
				"${TARGET_BUILD_DIR}/${FRAMEWORKS_FOLDER_PATH}/leveldb.framework",
				"${TARGET_BUILD_DIR}/${FRAMEWORKS_FOLDER_PATH}/nanopb.framework",
			);
			runOnlyForDeploymentPostprocessing = 0;
			shellPath = /bin/sh;
			shellScript = "\"${SRCROOT}/Pods/Target Support Files/Pods-WeatherForecasting/Pods-WeatherForecasting-frameworks.sh\"\n";
			showEnvVarsInLog = 0;
		};
		D6C3672D5A74384C9AE675B6 /* [CP] Check Pods Manifest.lock */ = {
			isa = PBXShellScriptBuildPhase;
			buildActionMask = 2147483647;
			files = (
			);
			inputPaths = (
				"${PODS_PODFILE_DIR_PATH}/Podfile.lock",
				"${PODS_ROOT}/Manifest.lock",
			);
			name = "[CP] Check Pods Manifest.lock";
			outputPaths = (
				"$(DERIVED_FILE_DIR)/Pods-WeatherForecastingTests-checkManifestLockResult.txt",
			);
			runOnlyForDeploymentPostprocessing = 0;
			shellPath = /bin/sh;
			shellScript = "diff \"${PODS_PODFILE_DIR_PATH}/Podfile.lock\" \"${PODS_ROOT}/Manifest.lock\" > /dev/null\nif [ $? != 0 ] ; then\n    # print error to STDERR\n    echo \"error: The sandbox is not in sync with the Podfile.lock. Run 'pod install' or update your CocoaPods installation.\" >&2\n    exit 1\nfi\n# This output is used by Xcode 'outputs' to avoid re-running this script phase.\necho \"SUCCESS\" > \"${SCRIPT_OUTPUT_FILE_0}\"\n";
			showEnvVarsInLog = 0;
		};
/* End PBXShellScriptBuildPhase section */

/* Begin PBXSourcesBuildPhase section */
		F77FA88D218CD18E00000C28 /* Sources */ = {
			isa = PBXSourcesBuildPhase;
			buildActionMask = 2147483647;
			files = (
				F77FA897218CD18E00000C28 /* CurrentWeatherViewController.swift in Sources */,
				F7D365AC218DDADD00F334D7 /* WeatherData.swift in Sources */,
				F77FA8C4218DC1AC00000C28 /* Colors+utils.swift in Sources */,
				F7D365AE218DF6C300F334D7 /* Sys.swift in Sources */,
				F77FA8CA218DC1B800000C28 /* Weather.swift in Sources */,
				F75396B8218F25ED00C660D5 /* LocationStore.swift in Sources */,
				F75396C8218F3F4A00C660D5 /* CurrentWeatherService.swift in Sources */,
				F77FA8BD218DC19400000C28 /* WeatherApi.swift in Sources */,
				F7D365A8218DD73E00F334D7 /* Main.swift in Sources */,
				F75396B5218F110B00C660D5 /* UIColor+utils.swift in Sources */,
				F77FA8C3218DC1AC00000C28 /* GlobalFunctions.swift in Sources */,
				F7D365BC218E4F4900F334D7 /* ForecastTableViewCell.swift in Sources */,
				F7D365B0218E287000F334D7 /* Forcast.swift in Sources */,
				F7D365B3218E4A4700F334D7 /* ForecastInteractor.swift in Sources */,
				F75396BA218F276A00C660D5 /* WeatherDatatore.swift in Sources */,
				F7D365AA218DD9ED00F334D7 /* Wind.swift in Sources */,
				F7D365BE218E577300F334D7 /* DateFormatter+Utils.swift in Sources */,
				F75396CA218F3F4A00C660D5 /* CurrentWeatherInteractor.swift in Sources */,
				F77FA8BC218DC19400000C28 /* APICall.swift in Sources */,
				F77FA8BB218DC19400000C28 /* Result.swift in Sources */,
				F7D365B9218E4BDD00F334D7 /* ForecastApi.swift in Sources */,
				F77FA895218CD18E00000C28 /* AppDelegate.swift in Sources */,
				F7D365B7218E4A6D00F334D7 /* ForecastViewController.swift in Sources */,
				F7D365B5218E4A5300F334D7 /* ForecastService.swift in Sources */,
				F77FA8C2218DC1AC00000C28 /* Errors.swift in Sources */,
			);
			runOnlyForDeploymentPostprocessing = 0;
		};
		F77FA8A1218CD19000000C28 /* Sources */ = {
			isa = PBXSourcesBuildPhase;
			buildActionMask = 2147483647;
			files = (
				F77FA8AA218CD19000000C28 /* WeatherForecastingTests.swift in Sources */,
			);
			runOnlyForDeploymentPostprocessing = 0;
		};
/* End PBXSourcesBuildPhase section */

/* Begin PBXTargetDependency section */
		F77FA8A7218CD19000000C28 /* PBXTargetDependency */ = {
			isa = PBXTargetDependency;
			target = F77FA890218CD18E00000C28 /* WeatherForecasting */;
			targetProxy = F77FA8A6218CD19000000C28 /* PBXContainerItemProxy */;
		};
/* End PBXTargetDependency section */

/* Begin PBXVariantGroup section */
		F77FA89D218CD19000000C28 /* LaunchScreen.storyboard */ = {
			isa = PBXVariantGroup;
			children = (
				F77FA89E218CD19000000C28 /* Base */,
			);
			name = LaunchScreen.storyboard;
			sourceTree = "<group>";
		};
/* End PBXVariantGroup section */

/* Begin XCBuildConfiguration section */
		F77FA8AC218CD19000000C28 /* Debug */ = {
			isa = XCBuildConfiguration;
			buildSettings = {
				ALWAYS_SEARCH_USER_PATHS = NO;
				CLANG_ANALYZER_NONNULL = YES;
				CLANG_ANALYZER_NUMBER_OBJECT_CONVERSION = YES_AGGRESSIVE;
				CLANG_CXX_LANGUAGE_STANDARD = "gnu++14";
				CLANG_CXX_LIBRARY = "libc++";
				CLANG_ENABLE_MODULES = YES;
				CLANG_ENABLE_OBJC_ARC = YES;
				CLANG_ENABLE_OBJC_WEAK = YES;
				CLANG_WARN_BLOCK_CAPTURE_AUTORELEASING = YES;
				CLANG_WARN_BOOL_CONVERSION = YES;
				CLANG_WARN_COMMA = YES;
				CLANG_WARN_CONSTANT_CONVERSION = YES;
				CLANG_WARN_DEPRECATED_OBJC_IMPLEMENTATIONS = YES;
				CLANG_WARN_DIRECT_OBJC_ISA_USAGE = YES_ERROR;
				CLANG_WARN_DOCUMENTATION_COMMENTS = YES;
				CLANG_WARN_EMPTY_BODY = YES;
				CLANG_WARN_ENUM_CONVERSION = YES;
				CLANG_WARN_INFINITE_RECURSION = YES;
				CLANG_WARN_INT_CONVERSION = YES;
				CLANG_WARN_NON_LITERAL_NULL_CONVERSION = YES;
				CLANG_WARN_OBJC_IMPLICIT_RETAIN_SELF = YES;
				CLANG_WARN_OBJC_LITERAL_CONVERSION = YES;
				CLANG_WARN_OBJC_ROOT_CLASS = YES_ERROR;
				CLANG_WARN_RANGE_LOOP_ANALYSIS = YES;
				CLANG_WARN_STRICT_PROTOTYPES = YES;
				CLANG_WARN_SUSPICIOUS_MOVE = YES;
				CLANG_WARN_UNGUARDED_AVAILABILITY = YES_AGGRESSIVE;
				CLANG_WARN_UNREACHABLE_CODE = YES;
				CLANG_WARN__DUPLICATE_METHOD_MATCH = YES;
				CODE_SIGN_IDENTITY = "iPhone Developer";
				COPY_PHASE_STRIP = NO;
				DEBUG_INFORMATION_FORMAT = dwarf;
				ENABLE_STRICT_OBJC_MSGSEND = YES;
				ENABLE_TESTABILITY = YES;
				GCC_C_LANGUAGE_STANDARD = gnu11;
				GCC_DYNAMIC_NO_PIC = NO;
				GCC_NO_COMMON_BLOCKS = YES;
				GCC_OPTIMIZATION_LEVEL = 0;
				GCC_PREPROCESSOR_DEFINITIONS = (
					"DEBUG=1",
					"$(inherited)",
				);
				GCC_WARN_64_TO_32_BIT_CONVERSION = YES;
				GCC_WARN_ABOUT_RETURN_TYPE = YES_ERROR;
				GCC_WARN_UNDECLARED_SELECTOR = YES;
				GCC_WARN_UNINITIALIZED_AUTOS = YES_AGGRESSIVE;
				GCC_WARN_UNUSED_FUNCTION = YES;
				GCC_WARN_UNUSED_VARIABLE = YES;
				IPHONEOS_DEPLOYMENT_TARGET = 12.0;
				MTL_ENABLE_DEBUG_INFO = INCLUDE_SOURCE;
				MTL_FAST_MATH = YES;
				ONLY_ACTIVE_ARCH = YES;
				SDKROOT = iphoneos;
				SWIFT_ACTIVE_COMPILATION_CONDITIONS = DEBUG;
				SWIFT_OPTIMIZATION_LEVEL = "-Onone";
			};
			name = Debug;
		};
		F77FA8AD218CD19000000C28 /* Release */ = {
			isa = XCBuildConfiguration;
			buildSettings = {
				ALWAYS_SEARCH_USER_PATHS = NO;
				CLANG_ANALYZER_NONNULL = YES;
				CLANG_ANALYZER_NUMBER_OBJECT_CONVERSION = YES_AGGRESSIVE;
				CLANG_CXX_LANGUAGE_STANDARD = "gnu++14";
				CLANG_CXX_LIBRARY = "libc++";
				CLANG_ENABLE_MODULES = YES;
				CLANG_ENABLE_OBJC_ARC = YES;
				CLANG_ENABLE_OBJC_WEAK = YES;
				CLANG_WARN_BLOCK_CAPTURE_AUTORELEASING = YES;
				CLANG_WARN_BOOL_CONVERSION = YES;
				CLANG_WARN_COMMA = YES;
				CLANG_WARN_CONSTANT_CONVERSION = YES;
				CLANG_WARN_DEPRECATED_OBJC_IMPLEMENTATIONS = YES;
				CLANG_WARN_DIRECT_OBJC_ISA_USAGE = YES_ERROR;
				CLANG_WARN_DOCUMENTATION_COMMENTS = YES;
				CLANG_WARN_EMPTY_BODY = YES;
				CLANG_WARN_ENUM_CONVERSION = YES;
				CLANG_WARN_INFINITE_RECURSION = YES;
				CLANG_WARN_INT_CONVERSION = YES;
				CLANG_WARN_NON_LITERAL_NULL_CONVERSION = YES;
				CLANG_WARN_OBJC_IMPLICIT_RETAIN_SELF = YES;
				CLANG_WARN_OBJC_LITERAL_CONVERSION = YES;
				CLANG_WARN_OBJC_ROOT_CLASS = YES_ERROR;
				CLANG_WARN_RANGE_LOOP_ANALYSIS = YES;
				CLANG_WARN_STRICT_PROTOTYPES = YES;
				CLANG_WARN_SUSPICIOUS_MOVE = YES;
				CLANG_WARN_UNGUARDED_AVAILABILITY = YES_AGGRESSIVE;
				CLANG_WARN_UNREACHABLE_CODE = YES;
				CLANG_WARN__DUPLICATE_METHOD_MATCH = YES;
				CODE_SIGN_IDENTITY = "iPhone Developer";
				COPY_PHASE_STRIP = NO;
				DEBUG_INFORMATION_FORMAT = "dwarf-with-dsym";
				ENABLE_NS_ASSERTIONS = NO;
				ENABLE_STRICT_OBJC_MSGSEND = YES;
				GCC_C_LANGUAGE_STANDARD = gnu11;
				GCC_NO_COMMON_BLOCKS = YES;
				GCC_WARN_64_TO_32_BIT_CONVERSION = YES;
				GCC_WARN_ABOUT_RETURN_TYPE = YES_ERROR;
				GCC_WARN_UNDECLARED_SELECTOR = YES;
				GCC_WARN_UNINITIALIZED_AUTOS = YES_AGGRESSIVE;
				GCC_WARN_UNUSED_FUNCTION = YES;
				GCC_WARN_UNUSED_VARIABLE = YES;
				IPHONEOS_DEPLOYMENT_TARGET = 12.0;
				MTL_ENABLE_DEBUG_INFO = NO;
				MTL_FAST_MATH = YES;
				SDKROOT = iphoneos;
				SWIFT_COMPILATION_MODE = wholemodule;
				SWIFT_OPTIMIZATION_LEVEL = "-O";
				VALIDATE_PRODUCT = YES;
			};
			name = Release;
		};
		F77FA8AF218CD19000000C28 /* Debug */ = {
			isa = XCBuildConfiguration;
			baseConfigurationReference = 14B765865EFD8E37D32F8807 /* Pods-WeatherForecasting.debug.xcconfig */;
			buildSettings = {
				ASSETCATALOG_COMPILER_APPICON_NAME = AppIcon;
				CODE_SIGN_IDENTITY = "iPhone Developer";
				CODE_SIGN_STYLE = Automatic;
				DEVELOPMENT_TEAM = 9V7C37K4BZ;
				INFOPLIST_FILE = WeatherForecasting/Info.plist;
				LD_RUNPATH_SEARCH_PATHS = (
					"$(inherited)",
					"@executable_path/Frameworks",
				);
				PRODUCT_BUNDLE_IDENTIFIER = com.faceline.com;
				PRODUCT_NAME = "$(TARGET_NAME)";
				PROVISIONING_PROFILE_SPECIFIER = "";
				SWIFT_VERSION = 4.2;
				TARGETED_DEVICE_FAMILY = "1,2";
			};
			name = Debug;
		};
		F77FA8B0218CD19000000C28 /* Release */ = {
			isa = XCBuildConfiguration;
			baseConfigurationReference = 191AF22C443AFB1D908ADE2F /* Pods-WeatherForecasting.release.xcconfig */;
			buildSettings = {
				ASSETCATALOG_COMPILER_APPICON_NAME = AppIcon;
				CODE_SIGN_IDENTITY = "iPhone Developer";
				CODE_SIGN_STYLE = Automatic;
				DEVELOPMENT_TEAM = 9V7C37K4BZ;
				INFOPLIST_FILE = WeatherForecasting/Info.plist;
				LD_RUNPATH_SEARCH_PATHS = (
					"$(inherited)",
					"@executable_path/Frameworks",
				);
				PRODUCT_BUNDLE_IDENTIFIER = com.faceline.com;
				PRODUCT_NAME = "$(TARGET_NAME)";
				PROVISIONING_PROFILE_SPECIFIER = "";
				SWIFT_VERSION = 4.2;
				TARGETED_DEVICE_FAMILY = "1,2";
			};
			name = Release;
		};
		F77FA8B2218CD19000000C28 /* Debug */ = {
			isa = XCBuildConfiguration;
			baseConfigurationReference = C85BED27327FACE50A5ED09F /* Pods-WeatherForecastingTests.debug.xcconfig */;
			buildSettings = {
				ALWAYS_EMBED_SWIFT_STANDARD_LIBRARIES = YES;
				BUNDLE_LOADER = "$(TEST_HOST)";
				CODE_SIGN_STYLE = Automatic;
				DEVELOPMENT_TEAM = 9V7C37K4BZ;
				INFOPLIST_FILE = WeatherForecastingTests/Info.plist;
				LD_RUNPATH_SEARCH_PATHS = (
					"$(inherited)",
					"@executable_path/Frameworks",
					"@loader_path/Frameworks",
				);
				PRODUCT_BUNDLE_IDENTIFIER = com.WeatherForecasting.ziad.WeatherForecastingTests;
				PRODUCT_NAME = "$(TARGET_NAME)";
				SWIFT_VERSION = 4.2;
				TARGETED_DEVICE_FAMILY = "1,2";
				TEST_HOST = "$(BUILT_PRODUCTS_DIR)/WeatherForecasting.app/WeatherForecasting";
			};
			name = Debug;
		};
		F77FA8B3218CD19000000C28 /* Release */ = {
			isa = XCBuildConfiguration;
			baseConfigurationReference = D5A631BF40E615816F510A9F /* Pods-WeatherForecastingTests.release.xcconfig */;
			buildSettings = {
				ALWAYS_EMBED_SWIFT_STANDARD_LIBRARIES = YES;
				BUNDLE_LOADER = "$(TEST_HOST)";
				CODE_SIGN_STYLE = Automatic;
				DEVELOPMENT_TEAM = 9V7C37K4BZ;
				INFOPLIST_FILE = WeatherForecastingTests/Info.plist;
				LD_RUNPATH_SEARCH_PATHS = (
					"$(inherited)",
					"@executable_path/Frameworks",
					"@loader_path/Frameworks",
				);
				PRODUCT_BUNDLE_IDENTIFIER = com.WeatherForecasting.ziad.WeatherForecastingTests;
				PRODUCT_NAME = "$(TARGET_NAME)";
				SWIFT_VERSION = 4.2;
				TARGETED_DEVICE_FAMILY = "1,2";
				TEST_HOST = "$(BUILT_PRODUCTS_DIR)/WeatherForecasting.app/WeatherForecasting";
			};
			name = Release;
		};
/* End XCBuildConfiguration section */

/* Begin XCConfigurationList section */
		F77FA88C218CD18E00000C28 /* Build configuration list for PBXProject "WeatherForecasting" */ = {
			isa = XCConfigurationList;
			buildConfigurations = (
				F77FA8AC218CD19000000C28 /* Debug */,
				F77FA8AD218CD19000000C28 /* Release */,
			);
			defaultConfigurationIsVisible = 0;
			defaultConfigurationName = Release;
		};
		F77FA8AE218CD19000000C28 /* Build configuration list for PBXNativeTarget "WeatherForecasting" */ = {
			isa = XCConfigurationList;
			buildConfigurations = (
				F77FA8AF218CD19000000C28 /* Debug */,
				F77FA8B0218CD19000000C28 /* Release */,
			);
			defaultConfigurationIsVisible = 0;
			defaultConfigurationName = Release;
		};
		F77FA8B1218CD19000000C28 /* Build configuration list for PBXNativeTarget "WeatherForecastingTests" */ = {
			isa = XCConfigurationList;
			buildConfigurations = (
				F77FA8B2218CD19000000C28 /* Debug */,
				F77FA8B3218CD19000000C28 /* Release */,
			);
			defaultConfigurationIsVisible = 0;
			defaultConfigurationName = Release;
		};
/* End XCConfigurationList section */
	};
	rootObject = F77FA889218CD18E00000C28 /* Project object */;
}
